// !$*UTF8*$!
{
	archiveVersion = 1;
	classes = {
	};
	objectVersion = 46;
	objects = {

/* Begin PBXBuildFile section */
		5066DDB31DAC9B97003A9C4E /* AppDelegate.swift in Sources */ = {isa = PBXBuildFile; fileRef = 5066DDB21DAC9B97003A9C4E /* AppDelegate.swift */; };
		5066DDB51DAC9B97003A9C4E /* ViewController.swift in Sources */ = {isa = PBXBuildFile; fileRef = 5066DDB41DAC9B97003A9C4E /* ViewController.swift */; };
		5066DDB81DAC9B97003A9C4E /* Main.storyboard in Resources */ = {isa = PBXBuildFile; fileRef = 5066DDB61DAC9B97003A9C4E /* Main.storyboard */; };
		5066DDBA1DAC9B97003A9C4E /* Assets.xcassets in Resources */ = {isa = PBXBuildFile; fileRef = 5066DDB91DAC9B97003A9C4E /* Assets.xcassets */; };
		5066DDBD1DAC9B97003A9C4E /* LaunchScreen.storyboard in Resources */ = {isa = PBXBuildFile; fileRef = 5066DDBB1DAC9B97003A9C4E /* LaunchScreen.storyboard */; };
/* End PBXBuildFile section */

/* Begin PBXFileReference section */
		5066DDAF1DAC9B97003A9C4E /* A(khan)plishments.app */ = {isa = PBXFileReference; explicitFileType = wrapper.application; includeInIndex = 0; path = "A(khan)plishments.app"; sourceTree = BUILT_PRODUCTS_DIR; };
		5066DDB21DAC9B97003A9C4E /* AppDelegate.swift */ = {isa = PBXFileReference; lastKnownFileType = sourcecode.swift; path = AppDelegate.swift; sourceTree = "<group>"; };
		5066DDB41DAC9B97003A9C4E /* ViewController.swift */ = {isa = PBXFileReference; lastKnownFileType = sourcecode.swift; path = ViewController.swift; sourceTree = "<group>"; };
		5066DDB71DAC9B97003A9C4E /* Base */ = {isa = PBXFileReference; lastKnownFileType = file.storyboard; name = Base; path = Base.lproj/Main.storyboard; sourceTree = "<group>"; };
		5066DDB91DAC9B97003A9C4E /* Assets.xcassets */ = {isa = PBXFileReference; lastKnownFileType = folder.assetcatalog; path = Assets.xcassets; sourceTree = "<group>"; };
		5066DDBC1DAC9B97003A9C4E /* Base */ = {isa = PBXFileReference; lastKnownFileType = file.storyboard; name = Base; path = Base.lproj/LaunchScreen.storyboard; sourceTree = "<group>"; };
		5066DDBE1DAC9B97003A9C4E /* Info.plist */ = {isa = PBXFileReference; lastKnownFileType = text.plist.xml; path = Info.plist; sourceTree = "<group>"; };
/* End PBXFileReference section */

/* Begin PBXFrameworksBuildPhase section */
		5066DDAC1DAC9B96003A9C4E /* Frameworks */ = {
			isa = PBXFrameworksBuildPhase;
			buildActionMask = 2147483647;
			files = (
			);
			runOnlyForDeploymentPostprocessing = 0;
		};
/* End PBXFrameworksBuildPhase section */

/* Begin PBXGroup section */
		5066DDA61DAC9B96003A9C4E = {
			isa = PBXGroup;
			children = (
				5066DDB11DAC9B97003A9C4E /* A(khan)plishments */,
				5066DDB01DAC9B97003A9C4E /* Products */,
			);
			sourceTree = "<group>";
		};
		5066DDB01DAC9B97003A9C4E /* Products */ = {
			isa = PBXGroup;
			children = (
				5066DDAF1DAC9B97003A9C4E /* A(khan)plishments.app */,
			);
			name = Products;
			sourceTree = "<group>";
		};
		5066DDB11DAC9B97003A9C4E /* A(khan)plishments */ = {
			isa = PBXGroup;
			children = (
				5066DDB21DAC9B97003A9C4E /* AppDelegate.swift */,
				5066DDB41DAC9B97003A9C4E /* ViewController.swift */,
				5066DDB61DAC9B97003A9C4E /* Main.storyboard */,
				5066DDB91DAC9B97003A9C4E /* Assets.xcassets */,
				5066DDBB1DAC9B97003A9C4E /* LaunchScreen.storyboard */,
				5066DDBE1DAC9B97003A9C4E /* Info.plist */,
			);
			path = "A(khan)plishments";
			sourceTree = "<group>";
		};
/* End PBXGroup section */

/* Begin PBXNativeTarget section */
		5066DDAE1DAC9B96003A9C4E /* A(khan)plishments */ = {
			isa = PBXNativeTarget;
			buildConfigurationList = 5066DDC11DAC9B97003A9C4E /* Build configuration list for PBXNativeTarget "A(khan)plishments" */;
			buildPhases = (
				5066DDAB1DAC9B96003A9C4E /* Sources */,
				5066DDAC1DAC9B96003A9C4E /* Frameworks */,
				5066DDAD1DAC9B96003A9C4E /* Resources */,
			);
			buildRules = (
			);
			dependencies = (
			);
			name = "A(khan)plishments";
			productName = "A(khan)plishments";
			productReference = 5066DDAF1DAC9B97003A9C4E /* A(khan)plishments.app */;
			productType = "com.apple.product-type.application";
		};
/* End PBXNativeTarget section */

/* Begin PBXProject section */
		5066DDA71DAC9B96003A9C4E /* Project object */ = {
			isa = PBXProject;
			attributes = {
				LastSwiftUpdateCheck = 0800;
				LastUpgradeCheck = 0800;
				ORGANIZATIONNAME = CarolineShi;
				TargetAttributes = {
					5066DDAE1DAC9B96003A9C4E = {
						CreatedOnToolsVersion = 8.0;
						ProvisioningStyle = Automatic;
					};
				};
			};
			buildConfigurationList = 5066DDAA1DAC9B96003A9C4E /* Build configuration list for PBXProject "A(khan)plishments" */;
			compatibilityVersion = "Xcode 3.2";
			developmentRegion = English;
			hasScannedForEncodings = 0;
			knownRegions = (
				en,
				Base,
			);
			mainGroup = 5066DDA61DAC9B96003A9C4E;
			productRefGroup = 5066DDB01DAC9B97003A9C4E /* Products */;
			projectDirPath = "";
			projectRoot = "";
			targets = (
				5066DDAE1DAC9B96003A9C4E /* A(khan)plishments */,
			);
		};
/* End PBXProject section */

/* Begin PBXResourcesBuildPhase section */
		5066DDAD1DAC9B96003A9C4E /* Resources */ = {
			isa = PBXResourcesBuildPhase;
			buildActionMask = 2147483647;
			files = (
				5066DDBD1DAC9B97003A9C4E /* LaunchScreen.storyboard in Resources */,
				5066DDBA1DAC9B97003A9C4E /* Assets.xcassets in Resources */,
				5066DDB81DAC9B97003A9C4E /* Main.storyboard in Resources */,
			);
			runOnlyForDeploymentPostprocessing = 0;
		};
/* End PBXResourcesBuildPhase section */

/* Begin PBXSourcesBuildPhase section */
		5066DDAB1DAC9B96003A9C4E /* Sources */ = {
			isa = PBXSourcesBuildPhase;
			buildActionMask = 2147483647;
			files = (
				5066DDB51DAC9B97003A9C4E /* ViewController.swift in Sources */,
				5066DDB31DAC9B97003A9C4E /* AppDelegate.swift in Sources */,
			);
			runOnlyForDeploymentPostprocessing = 0;
		};
/* End PBXSourcesBuildPhase section */

/* Begin PBXVariantGroup section */
		5066DDB61DAC9B97003A9C4E /* Main.storyboard */ = {
			isa = PBXVariantGroup;
			children = (
				5066DDB71DAC9B97003A9C4E /* Base */,
			);
			name = Main.storyboard;
			sourceTree = "<group>";
		};
		5066DDBB1DAC9B97003A9C4E /* LaunchScreen.storyboard */ = {
			isa = PBXVariantGroup;
			children = (
				5066DDBC1DAC9B97003A9C4E /* Base */,
			);
			name = LaunchScreen.storyboard;
			sourceTree = "<group>";
		};
/* End PBXVariantGroup section */

/* Begin XCBuildConfiguration section */
		5066DDBF1DAC9B97003A9C4E /* Debug */ = {
			isa = XCBuildConfiguration;
			buildSettings = {
				ALWAYS_SEARCH_USER_PATHS = NO;
				CLANG_ANALYZER_NONNULL = YES;
				CLANG_CXX_LANGUAGE_STANDARD = "gnu++0x";
				CLANG_CXX_LIBRARY = "libc++";
				CLANG_ENABLE_MODULES = YES;
				CLANG_ENABLE_OBJC_ARC = YES;
				CLANG_WARN_BOOL_CONVERSION = YES;
				CLANG_WARN_CONSTANT_CONVERSION = YES;
				CLANG_WARN_DIRECT_OBJC_ISA_USAGE = YES_ERROR;
				CLANG_WARN_DOCUMENTATION_COMMENTS = YES;
				CLANG_WARN_EMPTY_BODY = YES;
				CLANG_WARN_ENUM_CONVERSION = YES;
				CLANG_WARN_INFINITE_RECURSION = YES;
				CLANG_WARN_INT_CONVERSION = YES;
				CLANG_WARN_OBJC_ROOT_CLASS = YES_ERROR;
				CLANG_WARN_SUSPICIOUS_MOVES = YES;
				CLANG_WARN_UNREACHABLE_CODE = YES;
				CLANG_WARN__DUPLICATE_METHOD_MATCH = YES;
				"CODE_SIGN_IDENTITY[sdk=iphoneos*]" = "iPhone Developer";
				COPY_PHASE_STRIP = NO;
				DEBUG_INFORMATION_FORMAT = dwarf;
				ENABLE_STRICT_OBJC_MSGSEND = YES;
				ENABLE_TESTABILITY = YES;
				GCC_C_LANGUAGE_STANDARD = gnu99;
				GCC_DYNAMIC_NO_PIC = NO;
				GCC_NO_COMMON_BLOCKS = YES;
				GCC_OPTIMIZATION_LEVEL = 0;
				GCC_PREPROCESSOR_DEFINITIONS = (
					"DEBUG=1",
					"$(inherited)",
				);
				GCC_WARN_64_TO_32_BIT_CONVERSION = YES;
				GCC_WARN_ABOUT_RETURN_TYPE = YES_ERROR;
				GCC_WARN_UNDECLARED_SELECTOR = YES;
				GCC_WARN_UNINITIALIZED_AUTOS = YES_AGGRESSIVE;
				GCC_WARN_UNUSED_FUNCTION = YES;
				GCC_WARN_UNUSED_VARIABLE = YES;
				IPHONEOS_DEPLOYMENT_TARGET = 10.0;
				MTL_ENABLE_DEBUG_INFO = YES;
				ONLY_ACTIVE_ARCH = YES;
				SDKROOT = iphoneos;
				SWIFT_ACTIVE_COMPILATION_CONDITIONS = DEBUG;
				SWIFT_OPTIMIZATION_LEVEL = "-Onone";
			};
			name = Debug;
		};
		5066DDC01DAC9B97003A9C4E /* Release */ = {
			isa = XCBuildConfiguration;
			buildSettings = {
				ALWAYS_SEARCH_USER_PATHS = NO;
				CLANG_ANALYZER_NONNULL = YES;
				CLANG_CXX_LANGUAGE_STANDARD = "gnu++0x";
				CLANG_CXX_LIBRARY = "libc++";
				CLANG_ENABLE_MODULES = YES;
				CLANG_ENABLE_OBJC_ARC = YES;
				CLANG_WARN_BOOL_CONVERSION = YES;
				CLANG_WARN_CONSTANT_CONVERSION = YES;
				CLANG_WARN_DIRECT_OBJC_ISA_USAGE = YES_ERROR;
				CLANG_WARN_DOCUMENTATION_COMMENTS = YES;
				CLANG_WARN_EMPTY_BODY = YES;
				CLANG_WARN_ENUM_CONVERSION = YES;
				CLANG_WARN_INFINITE_RECURSION = YES;
				CLANG_WARN_INT_CONVERSION = YES;
				CLANG_WARN_OBJC_ROOT_CLASS = YES_ERROR;
				CLANG_WARN_SUSPICIOUS_MOVES = YES;
				CLANG_WARN_UNREACHABLE_CODE = YES;
				CLANG_WARN__DUPLICATE_METHOD_MATCH = YES;
				"CODE_SIGN_IDENTITY[sdk=iphoneos*]" = "iPhone Developer";
				COPY_PHASE_STRIP = NO;
				DEBUG_INFORMATION_FORMAT = "dwarf-with-dsym";
				ENABLE_NS_ASSERTIONS = NO;
				ENABLE_STRICT_OBJC_MSGSEND = YES;
				GCC_C_LANGUAGE_STANDARD = gnu99;
				GCC_NO_COMMON_BLOCKS = YES;
				GCC_WARN_64_TO_32_BIT_CONVERSION = YES;
				GCC_WARN_ABOUT_RETURN_TYPE = YES_ERROR;
				GCC_WARN_UNDECLARED_SELECTOR = YES;
				GCC_WARN_UNINITIALIZED_AUTOS = YES_AGGRESSIVE;
				GCC_WARN_UNUSED_FUNCTION = YES;
				GCC_WARN_UNUSED_VARIABLE = YES;
				IPHONEOS_DEPLOYMENT_TARGET = 10.0;
				MTL_ENABLE_DEBUG_INFO = NO;
				SDKROOT = iphoneos;
				SWIFT_OPTIMIZATION_LEVEL = "-Owholemodule";
				VALIDATE_PRODUCT = YES;
			};
			name = Release;
		};
		5066DDC21DAC9B97003A9C4E /* Debug */ = {
			isa = XCBuildConfiguration;
			buildSettings = {
				ASSETCATALOG_COMPILER_APPICON_NAME = AppIcon;
				INFOPLIST_FILE = "A(khan)plishments/Info.plist";
				LD_RUNPATH_SEARCH_PATHS = "$(inherited) @executable_path/Frameworks";
				PRODUCT_BUNDLE_IDENTIFIER = "carolineshi.A-khan-plishments";
				PRODUCT_NAME = "$(TARGET_NAME)";
				SWIFT_VERSION = 3.0;
			};
			name = Debug;
		};
		5066DDC31DAC9B97003A9C4E /* Release */ = {
			isa = XCBuildConfiguration;
			buildSettings = {
				ASSETCATALOG_COMPILER_APPICON_NAME = AppIcon;
				INFOPLIST_FILE = "A(khan)plishments/Info.plist";
				LD_RUNPATH_SEARCH_PATHS = "$(inherited) @executable_path/Frameworks";
				PRODUCT_BUNDLE_IDENTIFIER = "carolineshi.A-khan-plishments";
				PRODUCT_NAME = "$(TARGET_NAME)";
				SWIFT_VERSION = 3.0;
			};
			name = Release;
		};
/* End XCBuildConfiguration section */

/* Begin XCConfigurationList section */
		5066DDAA1DAC9B96003A9C4E /* Build configuration list for PBXProject "A(khan)plishments" */ = {
			isa = XCConfigurationList;
			buildConfigurations = (
				5066DDBF1DAC9B97003A9C4E /* Debug */,
				5066DDC01DAC9B97003A9C4E /* Release */,
			);
			defaultConfigurationIsVisible = 0;
			defaultConfigurationName = Release;
		};
		5066DDC11DAC9B97003A9C4E /* Build configuration list for PBXNativeTarget "A(khan)plishments" */ = {
			isa = XCConfigurationList;
			buildConfigurations = (
				5066DDC21DAC9B97003A9C4E /* Debug */,
				5066DDC31DAC9B97003A9C4E /* Release */,
			);
			defaultConfigurationIsVisible = 0;
		};
/* End XCConfigurationList section */
	};
	rootObject = 5066DDA71DAC9B96003A9C4E /* Project object */;
}
